<?xml version="1.0" encoding="utf-8"?>
<Project ToolsVersion="4.0" xmlns="http://schemas.microsoft.com/developer/msbuild/2003">
  <ItemGroup>
    <ClInclude Include="$(MSBuildThisFileDirectory)common.h">
      <Filter>Heders</Filter>
    </ClInclude>
    <ClInclude Include="$(MSBuildThisFileDirectory)directory.h">
      <Filter>Heders</Filter>
    </ClInclude>
    <ClInclude Include="$(MSBuildThisFileDirectory)exception.h">
      <Filter>Heders</Filter>
    </ClInclude>
    <ClInclude Include="$(MSBuildThisFileDirectory)file.h">
      <Filter>Heders</Filter>
    </ClInclude>
    <ClInclude Include="$(MSBuildThisFileDirectory)file_description.h">
      <Filter>Heders</Filter>
    </ClInclude>
    <ClInclude Include="$(MSBuildThisFileDirectory)file_system.h">
      <Filter>Heders</Filter>
    </ClInclude>
    <ClInclude Include="$(MSBuildThisFileDirectory)fileid_manager.h">
      <Filter>Heders</Filter>
    </ClInclude>
    <ClInclude Include="$(MSBuildThisFileDirectory)helper.h">
      <Filter>Heders</Filter>
    </ClInclude>
    <ClInclude Include="$(MSBuildThisFileDirectory)log.h">
      <Filter>Heders</Filter>
    </ClInclude>
  </ItemGroup>
  <ItemGroup>
    <Filter Include="Source Files">
      <UniqueIdentifier>{4e69510f-adf4-485f-9e3e-70146baccb25}</UniqueIdentifier>
    </Filter>
    <Filter Include="Heders">
      <UniqueIdentifier>{95e339f8-de0c-4089-9f8f-65cdc8f114ca}</UniqueIdentifier>
    </Filter>
  </ItemGroup>
  <ItemGroup>
    <ClCompile Include="$(MSBuildThisFileDirectory)directory.cpp">
      <Filter>Source Files</Filter>
    </ClCompile>
    <ClCompile Include="$(MSBuildThisFileDirectory)exception.cpp">
      <Filter>Source Files</Filter>
    </ClCompile>
    <ClCompile Include="$(MSBuildThisFileDirectory)file.cpp">
      <Filter>Source Files</Filter>
    </ClCompile>
    <ClCompile Include="$(MSBuildThisFileDirectory)file_system.cpp">
      <Filter>Source Files</Filter>
    </ClCompile>
    <ClCompile Include="$(MSBuildThisFileDirectory)helper.cpp">
      <Filter>Source Files</Filter>
    </ClCompile>
    <ClCompile Include="$(MSBuildThisFileDirectory)log.cpp">
      <Filter>Source Files</Filter>
    </ClCompile>
  </ItemGroup>
</Project>